
Microsoft Visual Studio Solution File, Format Version 12.00
# Visual Studio Version 16
VisualStudioVersion = 16.0.29001.49
MinimumVisualStudioVersion = 10.0.40219.1
Project("{2150E333-8FDC-42A3-9474-1A3956D46DE8}") = "src", "src", "{0FD587DC-6650-4824-A03E-79890599B89B}"
EndProject
Project("{2150E333-8FDC-42A3-9474-1A3956D46DE8}") = "service", "service", "{0FBB7391-7443-42C7-95C7-98F3109506C1}"
EndProject
Project("{2150E333-8FDC-42A3-9474-1A3956D46DE8}") = "web", "web", "{3F6FEABB-83D7-46BF-A3CA-700FBF4450F0}"
EndProject
Project("{9A19103F-16F7-4668-BE54-9A1E7A4F7556}") = "EventCatalogAPI", "EventCatalogAPI\EventCatalogAPI.csproj", "{2100F409-B595-46E4-98F3-7E15DD7A0CA2}"
EndProject
Project("{9A19103F-16F7-4668-BE54-9A1E7A4F7556}") = "UserAPI", "UserAPI\UserAPI.csproj", "{9B6D3807-6C88-4BC0-820A-958C23A7D00E}"
EndProject
Project("{9A19103F-16F7-4668-BE54-9A1E7A4F7556}") = "HelpAndContactUsAPI", "HelpAndContactUsAPI\HelpAndContactUsAPI.csproj", "{0073992F-8964-409B-9BDC-F2C328F69995}"
EndProject
Project("{9A19103F-16F7-4668-BE54-9A1E7A4F7556}") = "WebMvc", "WebMvc\WebMvc.csproj", "{BDF039DA-0F06-443D-9828-F4E3E70DBD2C}"
EndProject
Project("{E53339B2-1760-4266-BCC7-CA923CBCF16C}") = "docker-compose", "docker-compose.dcproj", "{FAE59ED8-902F-4DDD-A01B-A401EFDD4FE2}"
EndProject
Project("{9A19103F-16F7-4668-BE54-9A1E7A4F7556}") = "TokenServiceApi", "TokenServiceApi\TokenServiceApi.csproj", "{81936203-AECF-4A28-860E-2ACD60422249}"
EndProject
Global
	GlobalSection(SolutionConfigurationPlatforms) = preSolution
		Debug|Any CPU = Debug|Any CPU
		Release|Any CPU = Release|Any CPU
	EndGlobalSection
	GlobalSection(ProjectConfigurationPlatforms) = postSolution
		{2100F409-B595-46E4-98F3-7E15DD7A0CA2}.Debug|Any CPU.ActiveCfg = Debug|Any CPU
		{2100F409-B595-46E4-98F3-7E15DD7A0CA2}.Debug|Any CPU.Build.0 = Debug|Any CPU
		{2100F409-B595-46E4-98F3-7E15DD7A0CA2}.Release|Any CPU.ActiveCfg = Release|Any CPU
		{2100F409-B595-46E4-98F3-7E15DD7A0CA2}.Release|Any CPU.Build.0 = Release|Any CPU
		{9B6D3807-6C88-4BC0-820A-958C23A7D00E}.Debug|Any CPU.ActiveCfg = Debug|Any CPU
		{9B6D3807-6C88-4BC0-820A-958C23A7D00E}.Debug|Any CPU.Build.0 = Debug|Any CPU
		{9B6D3807-6C88-4BC0-820A-958C23A7D00E}.Release|Any CPU.ActiveCfg = Release|Any CPU
		{9B6D3807-6C88-4BC0-820A-958C23A7D00E}.Release|Any CPU.Build.0 = Release|Any CPU
		{0073992F-8964-409B-9BDC-F2C328F69995}.Debug|Any CPU.ActiveCfg = Debug|Any CPU
		{0073992F-8964-409B-9BDC-F2C328F69995}.Debug|Any CPU.Build.0 = Debug|Any CPU
		{0073992F-8964-409B-9BDC-F2C328F69995}.Release|Any CPU.ActiveCfg = Release|Any CPU
		{0073992F-8964-409B-9BDC-F2C328F69995}.Release|Any CPU.Build.0 = Release|Any CPU
		{BDF039DA-0F06-443D-9828-F4E3E70DBD2C}.Debug|Any CPU.ActiveCfg = Debug|Any CPU
		{BDF039DA-0F06-443D-9828-F4E3E70DBD2C}.Debug|Any CPU.Build.0 = Debug|Any CPU
		{BDF039DA-0F06-443D-9828-F4E3E70DBD2C}.Release|Any CPU.ActiveCfg = Release|Any CPU
		{BDF039DA-0F06-443D-9828-F4E3E70DBD2C}.Release|Any CPU.Build.0 = Release|Any CPU
		{FAE59ED8-902F-4DDD-A01B-A401EFDD4FE2}.Debug|Any CPU.ActiveCfg = Debug|Any CPU
		{FAE59ED8-902F-4DDD-A01B-A401EFDD4FE2}.Debug|Any CPU.Build.0 = Debug|Any CPU
		{FAE59ED8-902F-4DDD-A01B-A401EFDD4FE2}.Release|Any CPU.ActiveCfg = Release|Any CPU
		{FAE59ED8-902F-4DDD-A01B-A401EFDD4FE2}.Release|Any CPU.Build.0 = Release|Any CPU
		{81936203-AECF-4A28-860E-2ACD60422249}.Debug|Any CPU.ActiveCfg = Debug|Any CPU
		{81936203-AECF-4A28-860E-2ACD60422249}.Debug|Any CPU.Build.0 = Debug|Any CPU
		{81936203-AECF-4A28-860E-2ACD60422249}.Release|Any CPU.ActiveCfg = Release|Any CPU
		{81936203-AECF-4A28-860E-2ACD60422249}.Release|Any CPU.Build.0 = Release|Any CPU
	EndGlobalSection
	GlobalSection(SolutionProperties) = preSolution
		HideSolutionNode = FALSE
	EndGlobalSection
	GlobalSection(NestedProjects) = preSolution
		{0FBB7391-7443-42C7-95C7-98F3109506C1} = {0FD587DC-6650-4824-A03E-79890599B89B}
		{3F6FEABB-83D7-46BF-A3CA-700FBF4450F0} = {0FD587DC-6650-4824-A03E-79890599B89B}
		{2100F409-B595-46E4-98F3-7E15DD7A0CA2} = {0FBB7391-7443-42C7-95C7-98F3109506C1}
		{9B6D3807-6C88-4BC0-820A-958C23A7D00E} = {0FBB7391-7443-42C7-95C7-98F3109506C1}
		{0073992F-8964-409B-9BDC-F2C328F69995} = {0FBB7391-7443-42C7-95C7-98F3109506C1}
		{BDF039DA-0F06-443D-9828-F4E3E70DBD2C} = {3F6FEABB-83D7-46BF-A3CA-700FBF4450F0}
		{81936203-AECF-4A28-860E-2ACD60422249} = {0FBB7391-7443-42C7-95C7-98F3109506C1}
	EndGlobalSection
	GlobalSection(ExtensibilityGlobals) = postSolution
		SolutionGuid = {034F2D4E-F5E6-45A1-A31B-70530EDEBCC0}
	EndGlobalSection
EndGlobal
